
Microsoft Visual Studio Solution File, Format Version 12.00
# Visual Studio Version 16
VisualStudioVersion = 16.0.32228.343
MinimumVisualStudioVersion = 10.0.40219.1
Project("{FAE04EC0-301F-11D3-BF4B-00C04F79EFBC}") = "ConsoleApp42", "ConsoleApp42\ConsoleApp42.csproj", "{56510678-D5E3-424F-96D2-44A39E455F8D}"
EndProject
Global
	GlobalSection(SolutionConfigurationPlatforms) = preSolution
		Debug|Any CPU = Debug|Any CPU
		Release|Any CPU = Release|Any CPU
	EndGlobalSection
	GlobalSection(ProjectConfigurationPlatforms) = postSolution
		{56510678-D5E3-424F-96D2-44A39E455F8D}.Debug|Any CPU.ActiveCfg = Debug|Any CPU
		{56510678-D5E3-424F-96D2-44A39E455F8D}.Debug|Any CPU.Build.0 = Debug|Any CPU
		{56510678-D5E3-424F-96D2-44A39E455F8D}.Release|Any CPU.ActiveCfg = Release|Any CPU
		{56510678-D5E3-424F-96D2-44A39E455F8D}.Release|Any CPU.Build.0 = Release|Any CPU
	EndGlobalSection
	GlobalSection(SolutionProperties) = preSolution
		HideSolutionNode = FALSE
	EndGlobalSection
	GlobalSection(ExtensibilityGlobals) = postSolution
		SolutionGuid = {26249B37-D537-4CF5-B789-5D00E0C93250}
	EndGlobalSection
EndGlobal
